# Copyright (C) 2024 Intel Corporation
# SPDX-License-Identifier: Apache-2.0
#
---
apiVersion: apps/v1
kind: DaemonSet
metadata:
  namespace: stack-validation
  name: test-ptphwclock
  labels:
    app.kubernetes.io/name: test-ptphwclock
    app.kubernetes.io/component: test-backend
spec:
  selector:
    matchLabels:
      app.kubernetes.io/name: test-ptphwclock
      app.kubernetes.io/component: backend
  template:
    metadata:
      labels:
        app.kubernetes.io/name: test-ptphwclock
        app.kubernetes.io/component: backend
    spec:
      containers:
      - name: test-ptphwclock
        image: alpine:3.20
        imagePullPolicy: Always
        resources:
          requests:
            cpu: 10m
            memory: 50Mi
          limits:
            cpu: 100m
            memory: 50Mi
        env:
        - name: https_proxy
          #value: "http://yourProxyFQDNOrIP:port"
        - name: ETHDEV
          value: "eth0"
        command: [ "sh", "-c" ]
        args:
        - apk add --no-cache ethtool >> /dev/null;
          ptphwclock=` ethtool -T "${ETHDEV}" | grep "PTP" | awk -vFS=":" ' { print $2 } ' | awk '{gsub(/[ \t]+/, ""); print}' `;
          echo "ptphwclock=${ptphwclock}";
          sleep infinity;
        #securityContext:
        #  runAsNonRoot: true
        #  runAsUser: 65432
        #  runAsGroup: 65432
        #  allowPrivilegeEscalation: false
        #  capabilities:
        #    drop:
        #      - ALL
        #  seccompProfile:
        #    type: RuntimeDefault
        #  readOnlyRootFilesystem: true
